
Microsoft Visual Studio Solution File, Format Version 12.00
# Visual Studio Version 16
VisualStudioVersion = 16.0.31424.327
MinimumVisualStudioVersion = 10.0.40219.1
Project("{FAE04EC0-301F-11D3-BF4B-00C04F79EFBC}") = "ReverseInteger", "ReverseInteger\ReverseInteger.csproj", "{3FBDFD30-A147-4962-A93D-ED128463F80E}"
EndProject
Project("{FAE04EC0-301F-11D3-BF4B-00C04F79EFBC}") = "RomanToInteger", "RomanToInteger\RomanToInteger.csproj", "{B499C476-D5C0-40CF-87E8-361D3B1D9AEF}"
EndProject
Global
	GlobalSection(SolutionConfigurationPlatforms) = preSolution
		Debug|Any CPU = Debug|Any CPU
		Release|Any CPU = Release|Any CPU
	EndGlobalSection
	GlobalSection(ProjectConfigurationPlatforms) = postSolution
		{3FBDFD30-A147-4962-A93D-ED128463F80E}.Debug|Any CPU.ActiveCfg = Debug|Any CPU
		{3FBDFD30-A147-4962-A93D-ED128463F80E}.Debug|Any CPU.Build.0 = Debug|Any CPU
		{3FBDFD30-A147-4962-A93D-ED128463F80E}.Release|Any CPU.ActiveCfg = Release|Any CPU
		{3FBDFD30-A147-4962-A93D-ED128463F80E}.Release|Any CPU.Build.0 = Release|Any CPU
		{B499C476-D5C0-40CF-87E8-361D3B1D9AEF}.Debug|Any CPU.ActiveCfg = Debug|Any CPU
		{B499C476-D5C0-40CF-87E8-361D3B1D9AEF}.Debug|Any CPU.Build.0 = Debug|Any CPU
		{B499C476-D5C0-40CF-87E8-361D3B1D9AEF}.Release|Any CPU.ActiveCfg = Release|Any CPU
		{B499C476-D5C0-40CF-87E8-361D3B1D9AEF}.Release|Any CPU.Build.0 = Release|Any CPU
	EndGlobalSection
	GlobalSection(SolutionProperties) = preSolution
		HideSolutionNode = FALSE
	EndGlobalSection
	GlobalSection(ExtensibilityGlobals) = postSolution
		SolutionGuid = {95D8EB71-6419-49EB-8809-610682E87BF8}
	EndGlobalSection
EndGlobal
